
Microsoft Visual Studio Solution File, Format Version 12.00
# Visual Studio Version 17
VisualStudioVersion = 17.11.35222.181
MinimumVisualStudioVersion = 10.0.40219.1
Project("{FAE04EC0-301F-11D3-BF4B-00C04F79EFBC}") = "CaretakerPersistNET", "CaretakerPersistNET.csproj", "{520212BE-17FA-4393-BA30-D19FE9AD7D6B}"
EndProject
Global
	GlobalSection(SolutionConfigurationPlatforms) = preSolution
		Debug|Any CPU = Debug|Any CPU
		Release|Any CPU = Release|Any CPU
	EndGlobalSection
	GlobalSection(ProjectConfigurationPlatforms) = postSolution
		{520212BE-17FA-4393-BA30-D19FE9AD7D6B}.Debug|Any CPU.ActiveCfg = Debug|Any CPU
		{520212BE-17FA-4393-BA30-D19FE9AD7D6B}.Debug|Any CPU.Build.0 = Debug|Any CPU
		{520212BE-17FA-4393-BA30-D19FE9AD7D6B}.Release|Any CPU.ActiveCfg = Release|Any CPU
		{520212BE-17FA-4393-BA30-D19FE9AD7D6B}.Release|Any CPU.Build.0 = Release|Any CPU
	EndGlobalSection
	GlobalSection(SolutionProperties) = preSolution
		HideSolutionNode = FALSE
	EndGlobalSection
	GlobalSection(ExtensibilityGlobals) = postSolution
		SolutionGuid = {8409C453-2E1B-481B-BA56-61FC88ECC6E9}
	EndGlobalSection
EndGlobal
